
Microsoft Visual Studio Solution File, Format Version 12.00
# Visual Studio 15
VisualStudioVersion = 15.0.27130.2026
MinimumVisualStudioVersion = 10.0.40219.1
Project("{FAE04EC0-301F-11D3-BF4B-00C04F79EFBC}") = "net4log", "net4log\net4log.csproj", "{2A20F98B-F4E7-45F8-B526-4B6624ACDBB2}"
EndProject
Project("{FAE04EC0-301F-11D3-BF4B-00C04F79EFBC}") = "LogfileReader", "LogfileReader\LogfileReader.csproj", "{74443C5E-FC51-43BD-B7C5-70D7A1CB4108}"
EndProject
Project("{FAE04EC0-301F-11D3-BF4B-00C04F79EFBC}") = "LogfileReader.Test", "LogflieReader.Test\LogfileReader.Test.csproj", "{AB863C50-CEA2-4A67-A441-35B5183A8C97}"
EndProject
Global
	GlobalSection(SolutionConfigurationPlatforms) = preSolution
		Debug|Any CPU = Debug|Any CPU
		Release|Any CPU = Release|Any CPU
	EndGlobalSection
	GlobalSection(ProjectConfigurationPlatforms) = postSolution
		{2A20F98B-F4E7-45F8-B526-4B6624ACDBB2}.Debug|Any CPU.ActiveCfg = Debug|Any CPU
		{2A20F98B-F4E7-45F8-B526-4B6624ACDBB2}.Debug|Any CPU.Build.0 = Debug|Any CPU
		{2A20F98B-F4E7-45F8-B526-4B6624ACDBB2}.Release|Any CPU.ActiveCfg = Release|Any CPU
		{2A20F98B-F4E7-45F8-B526-4B6624ACDBB2}.Release|Any CPU.Build.0 = Release|Any CPU
		{74443C5E-FC51-43BD-B7C5-70D7A1CB4108}.Debug|Any CPU.ActiveCfg = Debug|Any CPU
		{74443C5E-FC51-43BD-B7C5-70D7A1CB4108}.Debug|Any CPU.Build.0 = Debug|Any CPU
		{74443C5E-FC51-43BD-B7C5-70D7A1CB4108}.Release|Any CPU.ActiveCfg = Release|Any CPU
		{74443C5E-FC51-43BD-B7C5-70D7A1CB4108}.Release|Any CPU.Build.0 = Release|Any CPU
		{AB863C50-CEA2-4A67-A441-35B5183A8C97}.Debug|Any CPU.ActiveCfg = Debug|Any CPU
		{AB863C50-CEA2-4A67-A441-35B5183A8C97}.Debug|Any CPU.Build.0 = Debug|Any CPU
		{AB863C50-CEA2-4A67-A441-35B5183A8C97}.Release|Any CPU.ActiveCfg = Release|Any CPU
		{AB863C50-CEA2-4A67-A441-35B5183A8C97}.Release|Any CPU.Build.0 = Release|Any CPU
	EndGlobalSection
	GlobalSection(SolutionProperties) = preSolution
		HideSolutionNode = FALSE
	EndGlobalSection
	GlobalSection(ExtensibilityGlobals) = postSolution
		SolutionGuid = {A591D05F-D9D5-4AB3-9C0B-88B1236451DB}
	EndGlobalSection
EndGlobal
